PODS:
  - Flutter (1.0.0)
  - integration_test (0.0.1):
    - Flutter
  - tencent_cloud_face_verify (0.0.1):
    - Flutter

DEPENDENCIES:
  - Flutter (from `Flutter`)
  - integration_test (from `.symlinks/plugins/integration_test/ios`)
  - tencent_cloud_face_verify (from `.symlinks/plugins/tencent_cloud_face_verify/ios`)

EXTERNAL SOURCES:
  Flutter:
    :path: Flutter
  integration_test:
    :path: ".symlinks/plugins/integration_test/ios"
  tencent_cloud_face_verify:
    :path: ".symlinks/plugins/tencent_cloud_face_verify/ios"

SPEC CHECKSUMS:
  Flutter: e0871f40cf51350855a761d2e70bf5af5b9b5de7
  integration_test: 4a889634ef21a45d28d50d622cf412dc6d9f586e
  tencent_cloud_face_verify: 6275158e7c3ef3c58d1dfc238f7de1a324501eac

PODFILE CHECKSUM: a481037466b08fe80ab220e34c6c33967fb8c2d3

COCOAPODS: 1.16.2
